{
    "_readme": [
        "This file locks the dependencies of your project to a known state",
        "Read more about it at https://getcomposer.org/doc/01-basic-usage.md#installing-dependencies",
        "This file is @generated automatically"
    ],
    "content-hash": "2521b5140067948669682d3f7f9c406b",
    "packages": [
        {
            "name": "digitick/sepa-xml",
            "version": "1.6.1",
            "source": {
                "type": "git",
                "url": "https://github.com/php-sepa-xml/php-sepa-xml.git",
                "reference": "27ffd085124829533f1c15ae637d3f0d132eaeb9"
            },
            "dist": {
                "type": "zip",
                "url": "https://api.github.com/repos/php-sepa-xml/php-sepa-xml/zipball/27ffd085124829533f1c15ae637d3f0d132eaeb9",
                "reference": "27ffd085124829533f1c15ae637d3f0d132eaeb9",
                "shasum": ""
            },
            "require": {
                "php": ">=5.3.2"
            },
            "require-dev": {
                "phpunit/phpunit": "~4.3|~5.0"
            },
            "type": "library",
            "autoload": {
                "psr-0": {
                    "Digitick\\Sepa": "lib/"
                }
            },
            "notification-url": "https://packagist.org/downloads/",
            "license": [
                "LGPL-3.0-or-later"
            ],
            "authors": [
                {
                    "name": "Ianaré Sévi"
                },
                {
                    "name": "Digitick, SA",
                    "email": "info@digitick.net"
                },
                {
                    "name": "Sören Rohweder (monofone)",
                    "email": "s.rohweder@blage.net"
                }
            ],
            "description": "Creates an XML file for a Single Euro Payments Area (SEPA) Credit Transfer.",
            "keywords": [
                "Banking",
                "sepa",
                "xml"
            ],
            "support": {
                "issues": "https://github.com/php-sepa-xml/php-sepa-xml/issues",
                "source": "https://github.com/php-sepa-xml/php-sepa-xml/tree/master"
            },
            "time": "2019-11-04T16:30:18+00:00"
        }
    ],
    "packages-dev": [],
    "aliases": [],
    "minimum-stability": "stable",
    "stability-flags": [],
    "prefer-stable": false,
    "prefer-lowest": false,
    "platform": [],
    "platform-dev": [],
    "platform-overrides": {
        "php": "7.3"
    },
    "plugin-api-version": "2.3.0"
}
